
Microsoft Visual Studio Solution File, Format Version 12.00
# Visual Studio Version 16
VisualStudioVersion = 16.0.31129.286
MinimumVisualStudioVersion = 10.0.40219.1
Project("{FAE04EC0-301F-11D3-BF4B-00C04F79EFBC}") = "Finz!(Frontend)", "Finz!(Frontend).csproj", "{859C9549-C25C-4E24-BEE7-098A5DA37E7E}"
EndProject
Global
	GlobalSection(SolutionConfigurationPlatforms) = preSolution
		Debug|Any CPU = Debug|Any CPU
		Release|Any CPU = Release|Any CPU
	EndGlobalSection
	GlobalSection(ProjectConfigurationPlatforms) = postSolution
		{859C9549-C25C-4E24-BEE7-098A5DA37E7E}.Debug|Any CPU.ActiveCfg = Debug|Any CPU
		{859C9549-C25C-4E24-BEE7-098A5DA37E7E}.Debug|Any CPU.Build.0 = Debug|Any CPU
		{859C9549-C25C-4E24-BEE7-098A5DA37E7E}.Release|Any CPU.ActiveCfg = Release|Any CPU
		{859C9549-C25C-4E24-BEE7-098A5DA37E7E}.Release|Any CPU.Build.0 = Release|Any CPU
	EndGlobalSection
	GlobalSection(SolutionProperties) = preSolution
		HideSolutionNode = FALSE
	EndGlobalSection
	GlobalSection(ExtensibilityGlobals) = postSolution
		SolutionGuid = {61DD0325-4562-4D8F-945E-938521541277}
	EndGlobalSection
EndGlobal
